
Microsoft Visual Studio Solution File, Format Version 12.00
# Visual Studio 15
VisualStudioVersion = 15.0.28010.2026
MinimumVisualStudioVersion = 10.0.40219.1
Project("{FAE04EC0-301F-11D3-BF4B-00C04F79EFBC}") = "TradingSystem", "TradingSystem\TradingSystem.csproj", "{44654E19-F1E5-4FB5-99F1-9EF61404225D}"
EndProject
Project("{FAE04EC0-301F-11D3-BF4B-00C04F79EFBC}") = "Presentation", "Presentation\Presentation.csproj", "{1902073E-BAE9-49B6-8E64-3BF1952936C7}"
EndProject
Project("{FAE04EC0-301F-11D3-BF4B-00C04F79EFBC}") = "Trade", "Trade\Trade.csproj", "{3ED0023C-0F49-434D-A9D9-7C15E8B8B4C0}"
EndProject
Project("{FAE04EC0-301F-11D3-BF4B-00C04F79EFBC}") = "DBdata", "Data\DBdata.csproj", "{9D10DA96-06EE-4E58-BBDC-7DBFA71CE255}"
EndProject
Global
	GlobalSection(SolutionConfigurationPlatforms) = preSolution
		Debug|Any CPU = Debug|Any CPU
		Release|Any CPU = Release|Any CPU
	EndGlobalSection
	GlobalSection(ProjectConfigurationPlatforms) = postSolution
		{44654E19-F1E5-4FB5-99F1-9EF61404225D}.Debug|Any CPU.ActiveCfg = Debug|Any CPU
		{44654E19-F1E5-4FB5-99F1-9EF61404225D}.Debug|Any CPU.Build.0 = Debug|Any CPU
		{44654E19-F1E5-4FB5-99F1-9EF61404225D}.Release|Any CPU.ActiveCfg = Release|Any CPU
		{44654E19-F1E5-4FB5-99F1-9EF61404225D}.Release|Any CPU.Build.0 = Release|Any CPU
		{1902073E-BAE9-49B6-8E64-3BF1952936C7}.Debug|Any CPU.ActiveCfg = Debug|Any CPU
		{1902073E-BAE9-49B6-8E64-3BF1952936C7}.Debug|Any CPU.Build.0 = Debug|Any CPU
		{1902073E-BAE9-49B6-8E64-3BF1952936C7}.Release|Any CPU.ActiveCfg = Release|Any CPU
		{1902073E-BAE9-49B6-8E64-3BF1952936C7}.Release|Any CPU.Build.0 = Release|Any CPU
		{3ED0023C-0F49-434D-A9D9-7C15E8B8B4C0}.Debug|Any CPU.ActiveCfg = Debug|Any CPU
		{3ED0023C-0F49-434D-A9D9-7C15E8B8B4C0}.Debug|Any CPU.Build.0 = Debug|Any CPU
		{3ED0023C-0F49-434D-A9D9-7C15E8B8B4C0}.Release|Any CPU.ActiveCfg = Release|Any CPU
		{3ED0023C-0F49-434D-A9D9-7C15E8B8B4C0}.Release|Any CPU.Build.0 = Release|Any CPU
		{9D10DA96-06EE-4E58-BBDC-7DBFA71CE255}.Debug|Any CPU.ActiveCfg = Debug|Any CPU
		{9D10DA96-06EE-4E58-BBDC-7DBFA71CE255}.Debug|Any CPU.Build.0 = Debug|Any CPU
		{9D10DA96-06EE-4E58-BBDC-7DBFA71CE255}.Release|Any CPU.ActiveCfg = Release|Any CPU
		{9D10DA96-06EE-4E58-BBDC-7DBFA71CE255}.Release|Any CPU.Build.0 = Release|Any CPU
	EndGlobalSection
	GlobalSection(SolutionProperties) = preSolution
		HideSolutionNode = FALSE
	EndGlobalSection
	GlobalSection(ExtensibilityGlobals) = postSolution
		SolutionGuid = {17437B48-73EC-4757-95EA-27CD7E0C33AA}
	EndGlobalSection
EndGlobal
